// !$*UTF8*$!
{
	archiveVersion = 1;
	classes = {
	};
	objectVersion = 48;
	objects = {

/* Begin PBXBuildFile section */
		2B02B9B220425EB200FDC713 /* AppDelegate.swift in Sources */ = {isa = PBXBuildFile; fileRef = 2B02B9B120425EB200FDC713 /* AppDelegate.swift */; };
		2B02B9B420425EB200FDC713 /* ViewController.swift in Sources */ = {isa = PBXBuildFile; fileRef = 2B02B9B320425EB200FDC713 /* ViewController.swift */; };
		2B02B9B720425EB200FDC713 /* Main.storyboard in Resources */ = {isa = PBXBuildFile; fileRef = 2B02B9B520425EB200FDC713 /* Main.storyboard */; };
		2B02B9B920425EB200FDC713 /* Assets.xcassets in Resources */ = {isa = PBXBuildFile; fileRef = 2B02B9B820425EB200FDC713 /* Assets.xcassets */; };
		2B42BC39204260AA006E8E0F /* HomeKit.framework in Frameworks */ = {isa = PBXBuildFile; fileRef = 2B42BC38204260AA006E8E0F /* HomeKit.framework */; };
		CDC2E628214791C1B6652F25 /* Pods_HKBrain.framework in Frameworks */ = {isa = PBXBuildFile; fileRef = A62FF88123F55B9788295C5D /* Pods_HKBrain.framework */; };
/* End PBXBuildFile section */

/* Begin PBXFileReference section */
		0C93B81B246A581FA0D10D88 /* Pods-HKBrain.release.xcconfig */ = {isa = PBXFileReference; includeInIndex = 1; lastKnownFileType = text.xcconfig; name = "Pods-HKBrain.release.xcconfig"; path = "Pods/Target Support Files/Pods-HKBrain/Pods-HKBrain.release.xcconfig"; sourceTree = "<group>"; };
		2B02B9AE20425EB200FDC713 /* HKBrain.app */ = {isa = PBXFileReference; explicitFileType = wrapper.application; includeInIndex = 0; path = HKBrain.app; sourceTree = BUILT_PRODUCTS_DIR; };
		2B02B9B120425EB200FDC713 /* AppDelegate.swift */ = {isa = PBXFileReference; lastKnownFileType = sourcecode.swift; path = AppDelegate.swift; sourceTree = "<group>"; };
		2B02B9B320425EB200FDC713 /* ViewController.swift */ = {isa = PBXFileReference; lastKnownFileType = sourcecode.swift; path = ViewController.swift; sourceTree = "<group>"; };
		2B02B9B620425EB200FDC713 /* Base */ = {isa = PBXFileReference; lastKnownFileType = file.storyboard; name = Base; path = Base.lproj/Main.storyboard; sourceTree = "<group>"; };
		2B02B9B820425EB200FDC713 /* Assets.xcassets */ = {isa = PBXFileReference; lastKnownFileType = folder.assetcatalog; path = Assets.xcassets; sourceTree = "<group>"; };
		2B02B9BA20425EB200FDC713 /* Info.plist */ = {isa = PBXFileReference; lastKnownFileType = text.plist.xml; path = Info.plist; sourceTree = "<group>"; };
		2B42BC3420426087006E8E0F /* HKBrain.entitlements */ = {isa = PBXFileReference; lastKnownFileType = text.plist.entitlements; path = HKBrain.entitlements; sourceTree = "<group>"; };
		2B42BC38204260AA006E8E0F /* HomeKit.framework */ = {isa = PBXFileReference; lastKnownFileType = wrapper.framework; name = HomeKit.framework; path = System/Library/Frameworks/HomeKit.framework; sourceTree = SDKROOT; };
		5FE35C8C5FAA844DC758FA0F /* Pods-HKBrain.debug.xcconfig */ = {isa = PBXFileReference; includeInIndex = 1; lastKnownFileType = text.xcconfig; name = "Pods-HKBrain.debug.xcconfig"; path = "Pods/Target Support Files/Pods-HKBrain/Pods-HKBrain.debug.xcconfig"; sourceTree = "<group>"; };
		A62FF88123F55B9788295C5D /* Pods_HKBrain.framework */ = {isa = PBXFileReference; explicitFileType = wrapper.framework; includeInIndex = 0; path = Pods_HKBrain.framework; sourceTree = BUILT_PRODUCTS_DIR; };
/* End PBXFileReference section */

/* Begin PBXFrameworksBuildPhase section */
		2B02B9AB20425EB200FDC713 /* Frameworks */ = {
			isa = PBXFrameworksBuildPhase;
			buildActionMask = 2147483647;
			files = (
				2B42BC39204260AA006E8E0F /* HomeKit.framework in Frameworks */,
				CDC2E628214791C1B6652F25 /* Pods_HKBrain.framework in Frameworks */,
			);
			runOnlyForDeploymentPostprocessing = 0;
		};
/* End PBXFrameworksBuildPhase section */

/* Begin PBXGroup section */
		2B02B9A520425EB200FDC713 = {
			isa = PBXGroup;
			children = (
				2B02B9B020425EB200FDC713 /* HKBrain */,
				2B02B9AF20425EB200FDC713 /* Products */,
				2B42BC3520426087006E8E0F /* Frameworks */,
				F1D78886352EA901BA2052A9 /* Pods */,
			);
			sourceTree = "<group>";
		};
		2B02B9AF20425EB200FDC713 /* Products */ = {
			isa = PBXGroup;
			children = (
				2B02B9AE20425EB200FDC713 /* HKBrain.app */,
			);
			name = Products;
			sourceTree = "<group>";
		};
		2B02B9B020425EB200FDC713 /* HKBrain */ = {
			isa = PBXGroup;
			children = (
				2B42BC3420426087006E8E0F /* HKBrain.entitlements */,
				2B02B9B120425EB200FDC713 /* AppDelegate.swift */,
				2B02B9B320425EB200FDC713 /* ViewController.swift */,
				2B02B9B520425EB200FDC713 /* Main.storyboard */,
				2B02B9B820425EB200FDC713 /* Assets.xcassets */,
				2B02B9BA20425EB200FDC713 /* Info.plist */,
			);
			path = HKBrain;
			sourceTree = "<group>";
		};
		2B42BC3520426087006E8E0F /* Frameworks */ = {
			isa = PBXGroup;
			children = (
				2B42BC38204260AA006E8E0F /* HomeKit.framework */,
				A62FF88123F55B9788295C5D /* Pods_HKBrain.framework */,
			);
			name = Frameworks;
			sourceTree = "<group>";
		};
		F1D78886352EA901BA2052A9 /* Pods */ = {
			isa = PBXGroup;
			children = (
				5FE35C8C5FAA844DC758FA0F /* Pods-HKBrain.debug.xcconfig */,
				0C93B81B246A581FA0D10D88 /* Pods-HKBrain.release.xcconfig */,
			);
			name = Pods;
			sourceTree = "<group>";
		};
/* End PBXGroup section */

/* Begin PBXNativeTarget section */
		2B02B9AD20425EB200FDC713 /* HKBrain */ = {
			isa = PBXNativeTarget;
			buildConfigurationList = 2B02B9BD20425EB200FDC713 /* Build configuration list for PBXNativeTarget "HKBrain" */;
			buildPhases = (
				9762727D137DA56148C5F23C /* [CP] Check Pods Manifest.lock */,
				2B02B9AA20425EB200FDC713 /* Sources */,
				2B02B9AB20425EB200FDC713 /* Frameworks */,
				2B02B9AC20425EB200FDC713 /* Resources */,
				A84BE8A2157F357043E8A621 /* [CP] Embed Pods Frameworks */,
				2A2A50A786F57B4EE66452B0 /* [CP] Copy Pods Resources */,
			);
			buildRules = (
			);
			dependencies = (
			);
			name = HKBrain;
			productName = HKBrain;
			productReference = 2B02B9AE20425EB200FDC713 /* HKBrain.app */;
			productType = "com.apple.product-type.application";
		};
/* End PBXNativeTarget section */

/* Begin PBXProject section */
		2B02B9A620425EB200FDC713 /* Project object */ = {
			isa = PBXProject;
			attributes = {
				LastSwiftUpdateCheck = 0920;
				LastUpgradeCheck = 0920;
				ORGANIZATIONNAME = Hiome;
				TargetAttributes = {
					2B02B9AD20425EB200FDC713 = {
						CreatedOnToolsVersion = 9.2;
						ProvisioningStyle = Automatic;
						SystemCapabilities = {
							com.apple.HomeKit = {
								enabled = 1;
							};
						};
					};
				};
			};
			buildConfigurationList = 2B02B9A920425EB200FDC713 /* Build configuration list for PBXProject "HKBrain" */;
			compatibilityVersion = "Xcode 8.0";
			developmentRegion = en;
			hasScannedForEncodings = 0;
			knownRegions = (
				en,
				Base,
			);
			mainGroup = 2B02B9A520425EB200FDC713;
			productRefGroup = 2B02B9AF20425EB200FDC713 /* Products */;
			projectDirPath = "";
			projectRoot = "";
			targets = (
				2B02B9AD20425EB200FDC713 /* HKBrain */,
			);
		};
/* End PBXProject section */

/* Begin PBXResourcesBuildPhase section */
		2B02B9AC20425EB200FDC713 /* Resources */ = {
			isa = PBXResourcesBuildPhase;
			buildActionMask = 2147483647;
			files = (
				2B02B9B920425EB200FDC713 /* Assets.xcassets in Resources */,
				2B02B9B720425EB200FDC713 /* Main.storyboard in Resources */,
			);
			runOnlyForDeploymentPostprocessing = 0;
		};
/* End PBXResourcesBuildPhase section */

/* Begin PBXShellScriptBuildPhase section */
		2A2A50A786F57B4EE66452B0 /* [CP] Copy Pods Resources */ = {
			isa = PBXShellScriptBuildPhase;
			buildActionMask = 2147483647;
			files = (
			);
			inputPaths = (
			);
			name = "[CP] Copy Pods Resources";
			outputPaths = (
			);
			runOnlyForDeploymentPostprocessing = 0;
			shellPath = /bin/sh;
			shellScript = "\"${SRCROOT}/Pods/Target Support Files/Pods-HKBrain/Pods-HKBrain-resources.sh\"\n";
			showEnvVarsInLog = 0;
		};
		9762727D137DA56148C5F23C /* [CP] Check Pods Manifest.lock */ = {
			isa = PBXShellScriptBuildPhase;
			buildActionMask = 2147483647;
			files = (
			);
			inputPaths = (
				"${PODS_PODFILE_DIR_PATH}/Podfile.lock",
				"${PODS_ROOT}/Manifest.lock",
			);
			name = "[CP] Check Pods Manifest.lock";
			outputPaths = (
				"$(DERIVED_FILE_DIR)/Pods-HKBrain-checkManifestLockResult.txt",
			);
			runOnlyForDeploymentPostprocessing = 0;
			shellPath = /bin/sh;
			shellScript = "diff \"${PODS_PODFILE_DIR_PATH}/Podfile.lock\" \"${PODS_ROOT}/Manifest.lock\" > /dev/null\nif [ $? != 0 ] ; then\n    # print error to STDERR\n    echo \"error: The sandbox is not in sync with the Podfile.lock. Run 'pod install' or update your CocoaPods installation.\" >&2\n    exit 1\nfi\n# This output is used by Xcode 'outputs' to avoid re-running this script phase.\necho \"SUCCESS\" > \"${SCRIPT_OUTPUT_FILE_0}\"\n";
			showEnvVarsInLog = 0;
		};
		A84BE8A2157F357043E8A621 /* [CP] Embed Pods Frameworks */ = {
			isa = PBXShellScriptBuildPhase;
			buildActionMask = 2147483647;
			files = (
			);
			inputPaths = (
				"${SRCROOT}/Pods/Target Support Files/Pods-HKBrain/Pods-HKBrain-frameworks.sh",
				"${BUILT_PRODUCTS_DIR}/CocoaAsyncSocket/CocoaAsyncSocket.framework",
				"${BUILT_PRODUCTS_DIR}/CocoaMQTT/CocoaMQTT.framework",
				"${BUILT_PRODUCTS_DIR}/SwiftyTimer/SwiftyTimer.framework",
			);
			name = "[CP] Embed Pods Frameworks";
			outputPaths = (
				"${TARGET_BUILD_DIR}/${FRAMEWORKS_FOLDER_PATH}/CocoaAsyncSocket.framework",
				"${TARGET_BUILD_DIR}/${FRAMEWORKS_FOLDER_PATH}/CocoaMQTT.framework",
				"${TARGET_BUILD_DIR}/${FRAMEWORKS_FOLDER_PATH}/SwiftyTimer.framework",
			);
			runOnlyForDeploymentPostprocessing = 0;
			shellPath = /bin/sh;
			shellScript = "\"${SRCROOT}/Pods/Target Support Files/Pods-HKBrain/Pods-HKBrain-frameworks.sh\"\n";
			showEnvVarsInLog = 0;
		};
/* End PBXShellScriptBuildPhase section */

/* Begin PBXSourcesBuildPhase section */
		2B02B9AA20425EB200FDC713 /* Sources */ = {
			isa = PBXSourcesBuildPhase;
			buildActionMask = 2147483647;
			files = (
				2B02B9B420425EB200FDC713 /* ViewController.swift in Sources */,
				2B02B9B220425EB200FDC713 /* AppDelegate.swift in Sources */,
			);
			runOnlyForDeploymentPostprocessing = 0;
		};
/* End PBXSourcesBuildPhase section */

/* Begin PBXVariantGroup section */
		2B02B9B520425EB200FDC713 /* Main.storyboard */ = {
			isa = PBXVariantGroup;
			children = (
				2B02B9B620425EB200FDC713 /* Base */,
			);
			name = Main.storyboard;
			sourceTree = "<group>";
		};
/* End PBXVariantGroup section */

/* Begin XCBuildConfiguration section */
		2B02B9BB20425EB200FDC713 /* Debug */ = {
			isa = XCBuildConfiguration;
			buildSettings = {
				ALWAYS_SEARCH_USER_PATHS = NO;
				CLANG_ANALYZER_NONNULL = YES;
				CLANG_ANALYZER_NUMBER_OBJECT_CONVERSION = YES_AGGRESSIVE;
				CLANG_CXX_LANGUAGE_STANDARD = "gnu++14";
				CLANG_CXX_LIBRARY = "libc++";
				CLANG_ENABLE_MODULES = YES;
				CLANG_ENABLE_OBJC_ARC = YES;
				CLANG_WARN_BLOCK_CAPTURE_AUTORELEASING = YES;
				CLANG_WARN_BOOL_CONVERSION = YES;
				CLANG_WARN_COMMA = YES;
				CLANG_WARN_CONSTANT_CONVERSION = YES;
				CLANG_WARN_DIRECT_OBJC_ISA_USAGE = YES_ERROR;
				CLANG_WARN_DOCUMENTATION_COMMENTS = YES;
				CLANG_WARN_EMPTY_BODY = YES;
				CLANG_WARN_ENUM_CONVERSION = YES;
				CLANG_WARN_INFINITE_RECURSION = YES;
				CLANG_WARN_INT_CONVERSION = YES;
				CLANG_WARN_NON_LITERAL_NULL_CONVERSION = YES;
				CLANG_WARN_OBJC_LITERAL_CONVERSION = YES;
				CLANG_WARN_OBJC_ROOT_CLASS = YES_ERROR;
				CLANG_WARN_RANGE_LOOP_ANALYSIS = YES;
				CLANG_WARN_STRICT_PROTOTYPES = YES;
				CLANG_WARN_SUSPICIOUS_MOVE = YES;
				CLANG_WARN_UNGUARDED_AVAILABILITY = YES_AGGRESSIVE;
				CLANG_WARN_UNREACHABLE_CODE = YES;
				CLANG_WARN__DUPLICATE_METHOD_MATCH = YES;
				COPY_PHASE_STRIP = NO;
				DEBUG_INFORMATION_FORMAT = dwarf;
				ENABLE_STRICT_OBJC_MSGSEND = YES;
				ENABLE_TESTABILITY = YES;
				GCC_C_LANGUAGE_STANDARD = gnu11;
				GCC_DYNAMIC_NO_PIC = NO;
				GCC_NO_COMMON_BLOCKS = YES;
				GCC_OPTIMIZATION_LEVEL = 0;
				GCC_PREPROCESSOR_DEFINITIONS = (
					"DEBUG=1",
					"$(inherited)",
				);
				GCC_WARN_64_TO_32_BIT_CONVERSION = YES;
				GCC_WARN_ABOUT_RETURN_TYPE = YES_ERROR;
				GCC_WARN_UNDECLARED_SELECTOR = YES;
				GCC_WARN_UNINITIALIZED_AUTOS = YES_AGGRESSIVE;
				GCC_WARN_UNUSED_FUNCTION = YES;
				GCC_WARN_UNUSED_VARIABLE = YES;
				MTL_ENABLE_DEBUG_INFO = YES;
				ONLY_ACTIVE_ARCH = YES;
				SDKROOT = appletvos;
				SWIFT_ACTIVE_COMPILATION_CONDITIONS = DEBUG;
				SWIFT_OPTIMIZATION_LEVEL = "-Onone";
				TVOS_DEPLOYMENT_TARGET = 11.2;
			};
			name = Debug;
		};
		2B02B9BC20425EB200FDC713 /* Release */ = {
			isa = XCBuildConfiguration;
			buildSettings = {
				ALWAYS_SEARCH_USER_PATHS = NO;
				CLANG_ANALYZER_NONNULL = YES;
				CLANG_ANALYZER_NUMBER_OBJECT_CONVERSION = YES_AGGRESSIVE;
				CLANG_CXX_LANGUAGE_STANDARD = "gnu++14";
				CLANG_CXX_LIBRARY = "libc++";
				CLANG_ENABLE_MODULES = YES;
				CLANG_ENABLE_OBJC_ARC = YES;
				CLANG_WARN_BLOCK_CAPTURE_AUTORELEASING = YES;
				CLANG_WARN_BOOL_CONVERSION = YES;
				CLANG_WARN_COMMA = YES;
				CLANG_WARN_CONSTANT_CONVERSION = YES;
				CLANG_WARN_DIRECT_OBJC_ISA_USAGE = YES_ERROR;
				CLANG_WARN_DOCUMENTATION_COMMENTS = YES;
				CLANG_WARN_EMPTY_BODY = YES;
				CLANG_WARN_ENUM_CONVERSION = YES;
				CLANG_WARN_INFINITE_RECURSION = YES;
				CLANG_WARN_INT_CONVERSION = YES;
				CLANG_WARN_NON_LITERAL_NULL_CONVERSION = YES;
				CLANG_WARN_OBJC_LITERAL_CONVERSION = YES;
				CLANG_WARN_OBJC_ROOT_CLASS = YES_ERROR;
				CLANG_WARN_RANGE_LOOP_ANALYSIS = YES;
				CLANG_WARN_STRICT_PROTOTYPES = YES;
				CLANG_WARN_SUSPICIOUS_MOVE = YES;
				CLANG_WARN_UNGUARDED_AVAILABILITY = YES_AGGRESSIVE;
				CLANG_WARN_UNREACHABLE_CODE = YES;
				CLANG_WARN__DUPLICATE_METHOD_MATCH = YES;
				COPY_PHASE_STRIP = NO;
				DEBUG_INFORMATION_FORMAT = "dwarf-with-dsym";
				ENABLE_NS_ASSERTIONS = NO;
				ENABLE_STRICT_OBJC_MSGSEND = YES;
				GCC_C_LANGUAGE_STANDARD = gnu11;
				GCC_NO_COMMON_BLOCKS = YES;
				GCC_WARN_64_TO_32_BIT_CONVERSION = YES;
				GCC_WARN_ABOUT_RETURN_TYPE = YES_ERROR;
				GCC_WARN_UNDECLARED_SELECTOR = YES;
				GCC_WARN_UNINITIALIZED_AUTOS = YES_AGGRESSIVE;
				GCC_WARN_UNUSED_FUNCTION = YES;
				GCC_WARN_UNUSED_VARIABLE = YES;
				MTL_ENABLE_DEBUG_INFO = NO;
				SDKROOT = appletvos;
				SWIFT_OPTIMIZATION_LEVEL = "-Owholemodule";
				TVOS_DEPLOYMENT_TARGET = 11.2;
				VALIDATE_PRODUCT = YES;
			};
			name = Release;
		};
		2B02B9BE20425EB200FDC713 /* Debug */ = {
			isa = XCBuildConfiguration;
			baseConfigurationReference = 5FE35C8C5FAA844DC758FA0F /* Pods-HKBrain.debug.xcconfig */;
			buildSettings = {
				ASSETCATALOG_COMPILER_APPICON_NAME = "App Icon & Top Shelf Image";
				ASSETCATALOG_COMPILER_LAUNCHIMAGE_NAME = LaunchImage;
				CODE_SIGN_ENTITLEMENTS = HKBrain/HKBrain.entitlements;
				CODE_SIGN_STYLE = Automatic;
				DEVELOPMENT_TEAM = RTKTPQSZLM;
				INFOPLIST_FILE = HKBrain/Info.plist;
				LD_RUNPATH_SEARCH_PATHS = "$(inherited) @executable_path/Frameworks";
				PRODUCT_BUNDLE_IDENTIFIER = com.hiome.HKBrain;
				PRODUCT_NAME = "$(TARGET_NAME)";
				SWIFT_VERSION = 4.0;
				TARGETED_DEVICE_FAMILY = 3;
			};
			name = Debug;
		};
		2B02B9BF20425EB200FDC713 /* Release */ = {
			isa = XCBuildConfiguration;
			baseConfigurationReference = 0C93B81B246A581FA0D10D88 /* Pods-HKBrain.release.xcconfig */;
			buildSettings = {
				ASSETCATALOG_COMPILER_APPICON_NAME = "App Icon & Top Shelf Image";
				ASSETCATALOG_COMPILER_LAUNCHIMAGE_NAME = LaunchImage;
				CODE_SIGN_ENTITLEMENTS = HKBrain/HKBrain.entitlements;
				CODE_SIGN_STYLE = Automatic;
				DEVELOPMENT_TEAM = RTKTPQSZLM;
				INFOPLIST_FILE = HKBrain/Info.plist;
				LD_RUNPATH_SEARCH_PATHS = "$(inherited) @executable_path/Frameworks";
				PRODUCT_BUNDLE_IDENTIFIER = com.hiome.HKBrain;
				PRODUCT_NAME = "$(TARGET_NAME)";
				SWIFT_VERSION = 4.0;
				TARGETED_DEVICE_FAMILY = 3;
			};
			name = Release;
		};
/* End XCBuildConfiguration section */

/* Begin XCConfigurationList section */
		2B02B9A920425EB200FDC713 /* Build configuration list for PBXProject "HKBrain" */ = {
			isa = XCConfigurationList;
			buildConfigurations = (
				2B02B9BB20425EB200FDC713 /* Debug */,
				2B02B9BC20425EB200FDC713 /* Release */,
			);
			defaultConfigurationIsVisible = 0;
			defaultConfigurationName = Release;
		};
		2B02B9BD20425EB200FDC713 /* Build configuration list for PBXNativeTarget "HKBrain" */ = {
			isa = XCConfigurationList;
			buildConfigurations = (
				2B02B9BE20425EB200FDC713 /* Debug */,
				2B02B9BF20425EB200FDC713 /* Release */,
			);
			defaultConfigurationIsVisible = 0;
			defaultConfigurationName = Release;
		};
/* End XCConfigurationList section */
	};
	rootObject = 2B02B9A620425EB200FDC713 /* Project object */;
}
